
Microsoft Visual Studio Solution File, Format Version 12.00
# Visual Studio Version 17
VisualStudioVersion = 17.13.35931.197
MinimumVisualStudioVersion = 10.0.40219.1
Project("{FAE04EC0-301F-11D3-BF4B-00C04F79EFBC}") = "UI.Desktop", "UI.Escritorio\UI.Desktop.csproj", "{739F7182-01BE-4924-B99A-5885F6CDF40C}"
EndProject
Project("{FAE04EC0-301F-11D3-BF4B-00C04F79EFBC}") = "Entity", "Entidades\Entity.csproj", "{47D0EBCD-C92C-4EC5-99B0-C64EC1F382C1}"
EndProject
Project("{FAE04EC0-301F-11D3-BF4B-00C04F79EFBC}") = "Business", "Negocio\Business.csproj", "{DCD8808B-B8AE-448A-A4B6-187690569C48}"
EndProject
Project("{FAE04EC0-301F-11D3-BF4B-00C04F79EFBC}") = "Data", "Datos\Data.csproj", "{D062301F-EAD7-4D25-9621-1DEC5CB6F4D8}"
EndProject
Global
	GlobalSection(SolutionConfigurationPlatforms) = preSolution
		Debug|Any CPU = Debug|Any CPU
		Release|Any CPU = Release|Any CPU
	EndGlobalSection
	GlobalSection(ProjectConfigurationPlatforms) = postSolution
		{739F7182-01BE-4924-B99A-5885F6CDF40C}.Debug|Any CPU.ActiveCfg = Debug|Any CPU
		{739F7182-01BE-4924-B99A-5885F6CDF40C}.Debug|Any CPU.Build.0 = Debug|Any CPU
		{739F7182-01BE-4924-B99A-5885F6CDF40C}.Release|Any CPU.ActiveCfg = Release|Any CPU
		{739F7182-01BE-4924-B99A-5885F6CDF40C}.Release|Any CPU.Build.0 = Release|Any CPU
		{47D0EBCD-C92C-4EC5-99B0-C64EC1F382C1}.Debug|Any CPU.ActiveCfg = Debug|Any CPU
		{47D0EBCD-C92C-4EC5-99B0-C64EC1F382C1}.Debug|Any CPU.Build.0 = Debug|Any CPU
		{47D0EBCD-C92C-4EC5-99B0-C64EC1F382C1}.Release|Any CPU.ActiveCfg = Release|Any CPU
		{47D0EBCD-C92C-4EC5-99B0-C64EC1F382C1}.Release|Any CPU.Build.0 = Release|Any CPU
		{DCD8808B-B8AE-448A-A4B6-187690569C48}.Debug|Any CPU.ActiveCfg = Debug|Any CPU
		{DCD8808B-B8AE-448A-A4B6-187690569C48}.Debug|Any CPU.Build.0 = Debug|Any CPU
		{DCD8808B-B8AE-448A-A4B6-187690569C48}.Release|Any CPU.ActiveCfg = Release|Any CPU
		{DCD8808B-B8AE-448A-A4B6-187690569C48}.Release|Any CPU.Build.0 = Release|Any CPU
		{D062301F-EAD7-4D25-9621-1DEC5CB6F4D8}.Debug|Any CPU.ActiveCfg = Debug|Any CPU
		{D062301F-EAD7-4D25-9621-1DEC5CB6F4D8}.Debug|Any CPU.Build.0 = Debug|Any CPU
		{D062301F-EAD7-4D25-9621-1DEC5CB6F4D8}.Release|Any CPU.ActiveCfg = Release|Any CPU
		{D062301F-EAD7-4D25-9621-1DEC5CB6F4D8}.Release|Any CPU.Build.0 = Release|Any CPU
	EndGlobalSection
	GlobalSection(SolutionProperties) = preSolution
		HideSolutionNode = FALSE
	EndGlobalSection
	GlobalSection(ExtensibilityGlobals) = postSolution
		SolutionGuid = {0EBCA2CA-D772-42ED-A3C9-C94CE701F0E2}
	EndGlobalSection
EndGlobal
